#MicroXplorer Configuration settings - do not modify
DAC.DAC_OutputBuffer=DAC_OUTPUTBUFFER_DISABLE
DAC.IPParameters=DAC_OutputBuffer
File.Version=6
GPIO.groupedBy=Group By Peripherals
I2C2.ClockSpeed=400000
I2C2.I2C_Mode=I2C_Fast
I2C2.IPParameters=I2C_Mode,ClockSpeed
KeepUserPlacement=false
Mcu.Family=STM32L1
Mcu.IP0=CRC
Mcu.IP1=DAC
Mcu.IP2=I2C2
Mcu.IP3=NVIC
Mcu.IP4=RCC
Mcu.IP5=SYS
Mcu.IP6=TIM2
Mcu.IP7=TIM3
Mcu.IP8=TIM4
Mcu.IP9=TIM5
Mcu.IPNb=10
Mcu.Name=STM32L151RDTx
Mcu.Package=LQFP64
Mcu.Pin0=PC13-WKUP2
Mcu.Pin1=PC14-OSC32_IN
Mcu.Pin10=PA5
Mcu.Pin11=PA6
Mcu.Pin12=PA7
Mcu.Pin13=PC4
Mcu.Pin14=PC5
Mcu.Pin15=PB10
Mcu.Pin16=PB11
Mcu.Pin17=PB12
Mcu.Pin18=PB13
Mcu.Pin19=PB14
Mcu.Pin2=PC15-OSC32_OUT
Mcu.Pin20=PC6
Mcu.Pin21=PC7
Mcu.Pin22=PC8
Mcu.Pin23=PC9
Mcu.Pin24=PA8
Mcu.Pin25=PA10
Mcu.Pin26=PA11
Mcu.Pin27=PA12
Mcu.Pin28=PA15
Mcu.Pin29=PC10
Mcu.Pin3=PH0-OSC_IN
Mcu.Pin30=PC11
Mcu.Pin31=PC12
Mcu.Pin32=PB5
Mcu.Pin33=PB6
Mcu.Pin34=PB7
Mcu.Pin35=PB8
Mcu.Pin36=PB9
Mcu.Pin37=VP_CRC_VS_CRC
Mcu.Pin38=VP_SYS_V_PVD_IN
Mcu.Pin39=VP_SYS_VS_Systick
Mcu.Pin4=PH1-OSC_OUT
Mcu.Pin40=VP_TIM2_VS_ClockSourceINT
Mcu.Pin41=VP_TIM4_VS_ClockSourceINT
Mcu.Pin42=VP_TIM5_VS_ClockSourceINT
Mcu.Pin5=PC0
Mcu.Pin6=PC1
Mcu.Pin7=PC2
Mcu.Pin8=PC3
Mcu.Pin9=PA4
Mcu.PinsNb=43
Mcu.ThirdPartyNb=0
Mcu.UserConstants=
Mcu.UserName=STM32L151RDTx
MxCube.Version=5.6.0
MxDb.Version=DB.5.0.60
NVIC.BusFault_IRQn=true\:0\:0\:false\:false\:true\:false\:false
NVIC.DebugMonitor_IRQn=true\:0\:0\:false\:false\:true\:false\:false
NVIC.EXTI15_10_IRQn=true\:0\:0\:false\:false\:true\:true\:true
NVIC.EXTI9_5_IRQn=true\:0\:0\:false\:false\:true\:true\:true
NVIC.ForceEnableDMAVector=true
NVIC.HardFault_IRQn=true\:0\:0\:false\:false\:true\:false\:false
NVIC.MemoryManagement_IRQn=true\:0\:0\:false\:false\:true\:false\:false
NVIC.NonMaskableInt_IRQn=true\:0\:0\:false\:false\:true\:false\:false
NVIC.PVD_IRQn=true\:0\:0\:false\:false\:true\:true\:true
NVIC.PendSV_IRQn=true\:0\:0\:false\:false\:true\:false\:false
NVIC.PriorityGroup=NVIC_PRIORITYGROUP_4
NVIC.SVC_IRQn=true\:0\:0\:false\:false\:true\:false\:false
NVIC.SysTick_IRQn=true\:0\:0\:false\:false\:true\:false\:true
NVIC.TIM3_IRQn=true\:0\:0\:false\:false\:true\:true\:true
NVIC.TIM5_IRQn=true\:0\:0\:false\:false\:true\:true\:true
NVIC.UsageFault_IRQn=true\:0\:0\:false\:false\:true\:false\:false
PA10.GPIOParameters=PinState,GPIO_Label
PA10.GPIO_Label=TouchPad Reset
PA10.Locked=true
PA10.PinState=GPIO_PIN_RESET
PA10.Signal=GPIO_Output
PA11.GPIOParameters=GPIO_PuPd,GPIO_Label,GPIO_ModeDefaultEXTI
PA11.GPIO_Label=TouchPad Interrupt
PA11.GPIO_ModeDefaultEXTI=GPIO_MODE_IT_RISING_FALLING
PA11.GPIO_PuPd=GPIO_PULLDOWN
PA11.Locked=true
PA11.Signal=GPXTI11
PA12.GPIOParameters=GPIO_PuPd,GPIO_Label
PA12.GPIO_Label=Display LED Ctrl
PA12.GPIO_PuPd=GPIO_NOPULL
PA12.Locked=true
PA12.Signal=GPIO_Output
PA15.GPIOParameters=GPIO_Speed,GPIO_Label
PA15.GPIO_Label=Display Reset
PA15.GPIO_Speed=GPIO_SPEED_FREQ_LOW
PA15.Locked=true
PA15.Signal=GPIO_Output
PA4.GPIOParameters=GPIO_Label
PA4.GPIO_Label=LoadLevel
PA4.Locked=true
PA4.Signal=COMP_DAC1_group
PA5.GPIOParameters=GPIO_Speed,GPIO_Label
PA5.GPIO_Label=Fan PWM
PA5.GPIO_Speed=GPIO_SPEED_FREQ_VERY_HIGH
PA5.Locked=true
PA5.Signal=S_TIM2_CH1_ETR
PA6.GPIOParameters=GPIO_ModeDefaultPP,GPIO_PuPd,GPIO_Label
PA6.GPIO_Label=Encoder A
PA6.GPIO_ModeDefaultPP=GPIO_MODE_AF_OD
PA6.GPIO_PuPd=GPIO_PULLUP
PA6.Signal=S_TIM3_CH1
PA7.GPIOParameters=GPIO_ModeDefaultPP,GPIO_PuPd,GPIO_Label
PA7.GPIO_Label=Encoder B
PA7.GPIO_ModeDefaultPP=GPIO_MODE_AF_OD
PA7.GPIO_PuPd=GPIO_PULLUP
PA7.Signal=S_TIM3_CH2
PA8.GPIOParameters=GPIO_PuPd,GPIO_Label,GPIO_ModeDefaultEXTI
PA8.GPIO_Label=Encoder Switch
PA8.GPIO_ModeDefaultEXTI=GPIO_MODE_IT_FALLING
PA8.GPIO_PuPd=GPIO_PULLUP
PA8.Locked=true
PA8.Signal=GPXTI8
PB10.Mode=I2C
PB10.Signal=I2C2_SCL
PB11.Mode=I2C
PB11.Signal=I2C2_SDA
PB12.GPIOParameters=GPIO_Label
PB12.GPIO_Label=LED
PB12.Locked=true
PB12.Signal=GPIO_Output
PB13.GPIOParameters=GPIO_Label
PB13.GPIO_Label=Load Op Amps Ctrl
PB13.Locked=true
PB13.Signal=GPIO_Output
PB14.GPIOParameters=GPIO_Label
PB14.GPIO_Label=Fan Power Ctrl
PB14.Locked=true
PB14.Signal=GPIO_Output
PB5.GPIOParameters=GPIO_Label
PB5.GPIO_Label=Display Read
PB5.Locked=true
PB5.Signal=GPIO_Output
PB6.GPIOParameters=GPIO_Speed,GPIO_Label
PB6.GPIO_Label=Display Write
PB6.GPIO_Speed=GPIO_SPEED_FREQ_HIGH
PB6.Locked=true
PB6.Signal=GPIO_Output
PB7.GPIOParameters=GPIO_Speed,GPIO_Label
PB7.GPIO_Label=Display Data Command
PB7.GPIO_Speed=GPIO_SPEED_FREQ_HIGH
PB7.Locked=true
PB7.Signal=GPIO_Output
PB8.GPIOParameters=GPIO_Label
PB8.GPIO_Label=Display Select
PB8.Locked=true
PB8.Signal=GPIO_Output
PB9.GPIOParameters=GPIO_PuPd,GPIO_Label,GPIO_ModeDefaultEXTI
PB9.GPIO_Label=Fan Sensor
PB9.GPIO_ModeDefaultEXTI=GPIO_MODE_IT_FALLING
PB9.GPIO_PuPd=GPIO_PULLUP
PB9.Locked=true
PB9.Signal=GPXTI9
PC0.GPIOParameters=GPIO_Speed
PC0.GPIO_Speed=GPIO_SPEED_FREQ_HIGH
PC0.Locked=true
PC0.Signal=GPIO_Output
PC1.GPIOParameters=GPIO_Speed
PC1.GPIO_Speed=GPIO_SPEED_FREQ_HIGH
PC1.Locked=true
PC1.Signal=GPIO_Output
PC10.GPIOParameters=GPIO_Speed
PC10.GPIO_Speed=GPIO_SPEED_FREQ_HIGH
PC10.Locked=true
PC10.Signal=GPIO_Output
PC11.GPIOParameters=GPIO_Speed
PC11.GPIO_Speed=GPIO_SPEED_FREQ_HIGH
PC11.Locked=true
PC11.Signal=GPIO_Output
PC12.GPIOParameters=GPIO_Speed
PC12.GPIO_Speed=GPIO_SPEED_FREQ_HIGH
PC12.Locked=true
PC12.Signal=GPIO_Output
PC13-WKUP2.GPIOParameters=GPIO_Speed
PC13-WKUP2.GPIO_Speed=GPIO_SPEED_FREQ_HIGH
PC13-WKUP2.Locked=true
PC13-WKUP2.Signal=GPIO_Output
PC14-OSC32_IN.GPIOParameters=GPIO_Speed
PC14-OSC32_IN.GPIO_Speed=GPIO_SPEED_FREQ_HIGH
PC14-OSC32_IN.Locked=true
PC14-OSC32_IN.Signal=GPIO_Output
PC15-OSC32_OUT.GPIOParameters=GPIO_Speed
PC15-OSC32_OUT.GPIO_Speed=GPIO_SPEED_FREQ_HIGH
PC15-OSC32_OUT.Locked=true
PC15-OSC32_OUT.Signal=GPIO_Output
PC2.GPIOParameters=GPIO_Speed
PC2.GPIO_Speed=GPIO_SPEED_FREQ_HIGH
PC2.Locked=true
PC2.Signal=GPIO_Output
PC3.GPIOParameters=GPIO_Speed
PC3.GPIO_Speed=GPIO_SPEED_FREQ_HIGH
PC3.Locked=true
PC3.Signal=GPIO_Output
PC4.GPIOParameters=GPIO_Speed
PC4.GPIO_Speed=GPIO_SPEED_FREQ_HIGH
PC4.Locked=true
PC4.Signal=GPIO_Output
PC5.GPIOParameters=GPIO_Speed
PC5.GPIO_Speed=GPIO_SPEED_FREQ_HIGH
PC5.Locked=true
PC5.Signal=GPIO_Output
PC6.GPIOParameters=GPIO_Speed
PC6.GPIO_Speed=GPIO_SPEED_FREQ_HIGH
PC6.Locked=true
PC6.Signal=GPIO_Output
PC7.GPIOParameters=GPIO_Speed
PC7.GPIO_Speed=GPIO_SPEED_FREQ_HIGH
PC7.Locked=true
PC7.Signal=GPIO_Output
PC8.GPIOParameters=GPIO_Speed
PC8.GPIO_Speed=GPIO_SPEED_FREQ_HIGH
PC8.Locked=true
PC8.Signal=GPIO_Output
PC9.GPIOParameters=GPIO_Speed
PC9.GPIO_Speed=GPIO_SPEED_FREQ_HIGH
PC9.Locked=true
PC9.Signal=GPIO_Output
PH0-OSC_IN.Mode=HSE-External-Oscillator
PH0-OSC_IN.Signal=RCC_OSC_IN
PH1-OSC_OUT.Mode=HSE-External-Oscillator
PH1-OSC_OUT.Signal=RCC_OSC_OUT
PinOutPanel.RotationAngle=0
ProjectManager.AskForMigrate=true
ProjectManager.BackupPrevious=false
ProjectManager.CompilerOptimize=6
ProjectManager.ComputerToolchain=false
ProjectManager.CoupleFile=false
ProjectManager.CustomerFirmwarePackage=
ProjectManager.DefaultFWLocation=true
ProjectManager.DeletePrevious=true
ProjectManager.DeviceId=STM32L151RDTx
ProjectManager.FirmwarePackage=STM32Cube FW_L1 V1.9.0
ProjectManager.FreePins=false
ProjectManager.HalAssertFull=false
ProjectManager.HeapSize=0x200
ProjectManager.KeepUserCode=true
ProjectManager.LastFirmware=true
ProjectManager.LibraryCopy=1
ProjectManager.MainLocation=Core/Src
ProjectManager.NoMain=false
ProjectManager.PreviousToolchain=
ProjectManager.ProjectBuild=false
ProjectManager.ProjectFileName=ActiveLoadBigMosfets.ioc
ProjectManager.ProjectName=ActiveLoadBigMosfets
ProjectManager.StackSize=0x400
ProjectManager.TargetToolchain=STM32CubeIDE
ProjectManager.ToolChainLocation=
ProjectManager.UnderRoot=true
ProjectManager.functionlistsort=1-MX_GPIO_Init-GPIO-false-HAL-true,2-SystemClock_Config-RCC-false-HAL-false,3-MX_I2C2_Init-I2C2-false-HAL-true,4-MX_TIM3_Init-TIM3-false-HAL-true,5-MX_DAC_Init-DAC-false-HAL-true,6-MX_RTC_Init-RTC-false-HAL-true,7-MX_TIM2_Init-TIM2-false-HAL-true,8-MX_CRC_Init-CRC-false-HAL-true,9-MX_TIM5_Init-TIM5-false-HAL-true,10-MX_TIM4_Init-TIM4-false-HAL-true
RCC.48MHZClocksFreq_Value=32000000
RCC.AHBFreq_Value=32000000
RCC.APB1Freq_Value=32000000
RCC.APB1TimFreq_Value=32000000
RCC.APB2Freq_Value=32000000
RCC.APB2TimFreq_Value=32000000
RCC.FCLKCortexFreq_Value=32000000
RCC.FamilyName=M
RCC.HCLKFreq_Value=32000000
RCC.HSE_VALUE=16000000
RCC.HSI_VALUE=16000000
RCC.IPParameters=48MHZClocksFreq_Value,AHBFreq_Value,APB1Freq_Value,APB1TimFreq_Value,APB2Freq_Value,APB2TimFreq_Value,FCLKCortexFreq_Value,FamilyName,HCLKFreq_Value,HSE_VALUE,HSI_VALUE,LSE_VALUE,LSI_VALUE,MCOPinFreq_Value,MSI_VALUE,PLLCLKFreq_Value,PLLMUL,PLLSourceVirtual,PWRFreq_Value,RCC_RTC_Clock_Source_FROM_HSE,RTCClockSelectionVirtual,RTCFreq_Value,RTCHSEDivFreq_Value,SYSCLKFreq_VALUE,SYSCLKSource,TIMFreq_Value,TimerFreq_Value,VCOOutputFreq_Value
RCC.LSE_VALUE=32768
RCC.LSI_VALUE=37000
RCC.MCOPinFreq_Value=32000000
RCC.MSI_VALUE=2097000
RCC.PLLCLKFreq_Value=32000000
RCC.PLLMUL=RCC_PLL_MUL4
RCC.PLLSourceVirtual=RCC_PLLSOURCE_HSE
RCC.PWRFreq_Value=32000000
RCC.RCC_RTC_Clock_Source_FROM_HSE=RCC_RTCCLKSOURCE_HSE_DIV16
RCC.RTCClockSelectionVirtual=RCC_RTCCLKSOURCE_HSE_DIV16
RCC.RTCFreq_Value=1000000
RCC.RTCHSEDivFreq_Value=1000000
RCC.SYSCLKFreq_VALUE=32000000
RCC.SYSCLKSource=RCC_SYSCLKSOURCE_PLLCLK
RCC.TIMFreq_Value=32000000
RCC.TimerFreq_Value=32000000
RCC.VCOOutputFreq_Value=64000000
SH.COMP_DAC1_group.0=DAC_OUT1,DAC_OUT1
SH.COMP_DAC1_group.ConfNb=1
SH.GPXTI11.0=GPIO_EXTI11
SH.GPXTI11.ConfNb=1
SH.GPXTI8.0=GPIO_EXTI8
SH.GPXTI8.ConfNb=1
SH.GPXTI9.0=GPIO_EXTI9
SH.GPXTI9.ConfNb=1
SH.S_TIM2_CH1_ETR.0=TIM2_CH1,PWM Generation1 CH1
SH.S_TIM2_CH1_ETR.ConfNb=1
SH.S_TIM3_CH1.0=TIM3_CH1,Encoder_Interface
SH.S_TIM3_CH1.ConfNb=1
SH.S_TIM3_CH2.0=TIM3_CH2,Encoder_Interface
SH.S_TIM3_CH2.ConfNb=1
SYS.IPParameters=PVDLevel,Mode
SYS.Mode=PWR_PVD_MODE_IT_RISING_FALLING
SYS.PVDLevel=PWR_PVDLEVEL_6
TIM2.Channel-PWM\ Generation1\ CH1=TIM_CHANNEL_1
TIM2.IPParameters=Channel-PWM Generation1 CH1,Prescaler,Period,Pulse-PWM Generation1 CH1
TIM2.Period=31
TIM2.Prescaler=40
TIM2.Pulse-PWM\ Generation1\ CH1=10
TIM3.ClockDivision=TIM_CLOCKDIVISION_DIV4
TIM3.CounterMode=TIM_COUNTERMODE_UP
TIM3.EncoderMode=TIM_ENCODERMODE_TI12
TIM3.IC1Filter=15
TIM3.IC1Prescaler=TIM_ICPSC_DIV1
TIM3.IC2Filter=15
TIM3.IC2Polarity=TIM_ICPOLARITY_FALLING
TIM3.IC2Prescaler=TIM_ICPSC_DIV1
TIM3.IPParameters=Period,EncoderMode,IC1Filter,IC2Filter,CounterMode,IC2Polarity,IC2Prescaler,IC1Prescaler,ClockDivision,Prescaler
TIM3.Period=100
TIM3.Prescaler=0
TIM4.IPParameters=Prescaler,Period
TIM4.Period=0xffff
TIM4.Prescaler=3199
TIM5.ClockDivision=TIM_CLOCKDIVISION_DIV1
TIM5.IPParameters=ClockDivision,Prescaler,Period
TIM5.Period=19
TIM5.Prescaler=31999
VP_CRC_VS_CRC.Mode=CRC_Activate
VP_CRC_VS_CRC.Signal=CRC_VS_CRC
VP_SYS_VS_Systick.Mode=SysTick
VP_SYS_VS_Systick.Signal=SYS_VS_Systick
VP_SYS_V_PVD_IN.Mode=Mode_PVD_Int
VP_SYS_V_PVD_IN.Signal=SYS_V_PVD_IN
VP_TIM2_VS_ClockSourceINT.Mode=Internal
VP_TIM2_VS_ClockSourceINT.Signal=TIM2_VS_ClockSourceINT
VP_TIM4_VS_ClockSourceINT.Mode=Internal
VP_TIM4_VS_ClockSourceINT.Signal=TIM4_VS_ClockSourceINT
VP_TIM5_VS_ClockSourceINT.Mode=Internal
VP_TIM5_VS_ClockSourceINT.Signal=TIM5_VS_ClockSourceINT
board=custom
isbadioc=false
